
Microsoft Visual Studio Solution File, Format Version 12.00
# Visual Studio Version 16
VisualStudioVersion = 16.0.30907.101
MinimumVisualStudioVersion = 10.0.40219.1
Project("{8BC9CEB8-8B4A-11D0-8D11-00A0C91BC942}") = "DiveScores", "DiveScores.vcxproj", "{83D2787A-E0B7-4C00-892A-EA3C18DF439F}"
EndProject
Global
	GlobalSection(SolutionConfigurationPlatforms) = preSolution
		Debug|x64 = Debug|x64
		Debug|x86 = Debug|x86
		Release|x64 = Release|x64
		Release|x86 = Release|x86
	EndGlobalSection
	GlobalSection(ProjectConfigurationPlatforms) = postSolution
		{83D2787A-E0B7-4C00-892A-EA3C18DF439F}.Debug|x64.ActiveCfg = Debug|x64
		{83D2787A-E0B7-4C00-892A-EA3C18DF439F}.Debug|x64.Build.0 = Debug|x64
		{83D2787A-E0B7-4C00-892A-EA3C18DF439F}.Debug|x86.ActiveCfg = Debug|Win32
		{83D2787A-E0B7-4C00-892A-EA3C18DF439F}.Debug|x86.Build.0 = Debug|Win32
		{83D2787A-E0B7-4C00-892A-EA3C18DF439F}.Release|x64.ActiveCfg = Release|x64
		{83D2787A-E0B7-4C00-892A-EA3C18DF439F}.Release|x64.Build.0 = Release|x64
		{83D2787A-E0B7-4C00-892A-EA3C18DF439F}.Release|x86.ActiveCfg = Release|Win32
		{83D2787A-E0B7-4C00-892A-EA3C18DF439F}.Release|x86.Build.0 = Release|Win32
	EndGlobalSection
	GlobalSection(SolutionProperties) = preSolution
		HideSolutionNode = FALSE
	EndGlobalSection
	GlobalSection(ExtensibilityGlobals) = postSolution
		SolutionGuid = {1C63FFA0-AFB9-46B3-8DB1-ED66471CAB22}
	EndGlobalSection
EndGlobal
